<?xml version="1.0" encoding="utf-8"?>
<Project ToolsVersion="4.0" xmlns="http://schemas.microsoft.com/developer/msbuild/2003">
  <ItemGroup>
    <Filter Include="Source Files">
      <UniqueIdentifier>{4FC737F1-C7A5-4376-A066-2A32D752A2FF}</UniqueIdentifier>
      <Extensions>cpp;c;cc;cxx;def;odl;idl;hpj;bat;asm;asmx</Extensions>
    </Filter>
    <Filter Include="Header Files">
      <UniqueIdentifier>{93995380-89BD-4b04-88EB-625FBE52EBFB}</UniqueIdentifier>
      <Extensions>h;hh;hpp;hxx;hm;inl;inc;xsd</Extensions>
    </Filter>
    <Filter Include="Resource Files">
      <UniqueIdentifier>{67DA6AB6-F800-4c08-8B7A-83BB121AAD01}</UniqueIdentifier>
      <Extensions>rc;ico;cur;bmp;dlg;rc2;rct;bin;rgs;gif;jpg;jpeg;jpe;resx;tiff;tif;png;wav;mfcribbon-ms</Extensions>
    </Filter>
    <Filter Include="Header Files\patches">
      <UniqueIdentifier>{7c387513-c230-4eef-a6d4-ee7b22de08e6}</UniqueIdentifier>
    </Filter>
    <Filter Include="Header Files\filters">
      <UniqueIdentifier>{d2308c31-fe97-49d8-a468-09b9254d2eaa}</UniqueIdentifier>
    </Filter>
    <Filter Include="Header Files\core">
      <UniqueIdentifier>{c050dd15-8b70-492e-84d0-f232ee513f9e}</UniqueIdentifier>
    </Filter>
  </ItemGroup>
  <ItemGroup>
    <ClCompile Include="main.cpp">
      <Filter>Source Files</Filter>
    </ClCompile>
  </ItemGroup>
  <ItemGroup>
    <ClInclude Include="noise_oscillator.h">
      <Filter>Header Files\filters</Filter>
    </ClInclude>
    <ClInclude Include="saw_oscillator.h">
      <Filter>Header Files\filters</Filter>
    </ClInclude>
    <ClInclude Include="sine_oscillator.h">
      <Filter>Header Files\filters</Filter>
    </ClInclude>
    <ClInclude Include="square_oscillator.h">
      <Filter>Header Files\filters</Filter>
    </ClInclude>
    <ClInclude Include="triangle_oscillator.h">
      <Filter>Header Files\filters</Filter>
    </ClInclude>
    <ClInclude Include="keyboard.h">
      <Filter>Header Files\core</Filter>
    </ClInclude>
    <ClInclude Include="audio_core.h">
      <Filter>Header Files\core</Filter>
    </ClInclude>
    <ClInclude Include="envelope_adsr.h">
      <Filter>Header Files\filters</Filter>
    </ClInclude>
    <ClInclude Include="lfo.h">
      <Filter>Header Files\filters</Filter>
    </ClInclude>
    <ClInclude Include="patch.h">
      <Filter>Header Files\core</Filter>
    </ClInclude>
    <ClInclude Include="bell_patch.h">
      <Filter>Header Files\patches</Filter>
    </ClInclude>
    <ClInclude Include="allpass_filter.h">
      <Filter>Header Files\filters</Filter>
    </ClInclude>
    <ClInclude Include="mixer.h">
      <Filter>Header Files\filters</Filter>
    </ClInclude>
    <ClInclude Include="audio_io.h">
      <Filter>Header Files\core</Filter>
    </ClInclude>
    <ClInclude Include="iir_filter.h">
      <Filter>Header Files\filters</Filter>
    </ClInclude>
    <ClInclude Include="oscillator.h">
      <Filter>Header Files\core</Filter>
    </ClInclude>
    <ClInclude Include="reverb_filter.h">
      <Filter>Header Files\filters</Filter>
    </ClInclude>
    <ClInclude Include="feedforward_comb_filter.h">
      <Filter>Header Files\filters</Filter>
    </ClInclude>
    <ClInclude Include="feedback_comb_filter.h">
      <Filter>Header Files\filters</Filter>
    </ClInclude>
    <ClInclude Include="delay_filter.h">
      <Filter>Header Files\filters</Filter>
    </ClInclude>
    <ClInclude Include="sampler.h">
      <Filter>Header Files\filters</Filter>
    </ClInclude>
    <ClInclude Include="audio_settings.h">
      <Filter>Header Files\core</Filter>
    </ClInclude>
    <ClInclude Include="example_patches.h">
      <Filter>Header Files\patches</Filter>
    </ClInclude>
    <ClInclude Include="lowpass_filter.h">
      <Filter>Header Files\filters</Filter>
    </ClInclude>
    <ClInclude Include="highpass_filter.h">
      <Filter>Header Files\filters</Filter>
    </ClInclude>
  </ItemGroup>
</Project>